// !$*UTF8*$!
{
	archiveVersion = 1;
	classes = {
	};
	objectVersion = 56;
	objects = {

/* Begin PBXBuildFile section */
		913F2D232ABF65F900F15632 /* kaleidApp.swift in Sources */ = {isa = PBXBuildFile; fileRef = 913F2D222ABF65F900F15632 /* kaleidApp.swift */; };
		913F2D252ABF65F900F15632 /* ContentView.swift in Sources */ = {isa = PBXBuildFile; fileRef = 913F2D242ABF65F900F15632 /* ContentView.swift */; };
		913F2D272ABF65FA00F15632 /* Assets.xcassets in Resources */ = {isa = PBXBuildFile; fileRef = 913F2D262ABF65FA00F15632 /* Assets.xcassets */; };
		913F2D2A2ABF65FA00F15632 /* Preview Assets.xcassets in Resources */ = {isa = PBXBuildFile; fileRef = 913F2D292ABF65FA00F15632 /* Preview Assets.xcassets */; };
		919605622ABF6688004B2F3C /* _todo.txt in Resources */ = {isa = PBXBuildFile; fileRef = 919605612ABF6688004B2F3C /* _todo.txt */; };
		919605652ABF6696004B2F3C /* LICENSE in Resources */ = {isa = PBXBuildFile; fileRef = 919605632ABF6696004B2F3C /* LICENSE */; };
		919605662ABF6696004B2F3C /* README.md in Resources */ = {isa = PBXBuildFile; fileRef = 919605642ABF6696004B2F3C /* README.md */; };
		919605682ABF6D8F004B2F3C /* kaleid.key in Resources */ = {isa = PBXBuildFile; fileRef = 919605672ABF6D8F004B2F3C /* kaleid.key */; };
		9196056D2AC35464004B2F3C /* Pie.swift in Sources */ = {isa = PBXBuildFile; fileRef = 9196056C2AC35464004B2F3C /* Pie.swift */; };
		9196056F2AC35FBE004B2F3C /* MirroredView.swift in Sources */ = {isa = PBXBuildFile; fileRef = 9196056E2AC35FBE004B2F3C /* MirroredView.swift */; };
		919605712AC36949004B2F3C /* KaleidView.swift in Sources */ = {isa = PBXBuildFile; fileRef = 919605702AC36949004B2F3C /* KaleidView.swift */; };
		919605732AC4BAD4004B2F3C /* Angle+toXYTests.swift in Sources */ = {isa = PBXBuildFile; fileRef = 919605722AC4BAD4004B2F3C /* Angle+toXYTests.swift */; };
		919605752AC60B9F004B2F3C /* Angle+toXY.swift in Sources */ = {isa = PBXBuildFile; fileRef = 919605742AC60B9F004B2F3C /* Angle+toXY.swift */; };
		91A3A0BF2AF2E0E600CF6479 /* EGTest in Frameworks */ = {isa = PBXBuildFile; productRef = 91A3A0BE2AF2E0E600CF6479 /* EGTest */; };
		91ACA05F2AF02A6900F88735 /* CapturingView.swift in Sources */ = {isa = PBXBuildFile; fileRef = 91ACA05E2AF02A6900F88735 /* CapturingView.swift */; };
		91B802F72AE99C1E00FCCA43 /* CameraModel.swift in Sources */ = {isa = PBXBuildFile; fileRef = 91B802F62AE99C1E00FCCA43 /* CameraModel.swift */; };
		91B802FD2AE99E4A00FCCA43 /* CameraKaleidoscope.swift in Sources */ = {isa = PBXBuildFile; fileRef = 91B802FC2AE99E4A00FCCA43 /* CameraKaleidoscope.swift */; };
		91B802FF2AE9A54C00FCCA43 /* ErrorMessage.swift in Sources */ = {isa = PBXBuildFile; fileRef = 91B802FE2AE9A54C00FCCA43 /* ErrorMessage.swift */; };
		91FA17D02ACC908C009767BB /* ExperimentView.swift in Sources */ = {isa = PBXBuildFile; fileRef = 91FA17CF2ACC908C009767BB /* ExperimentView.swift */; };
		91FA17D22ACF3184009767BB /* PhotoSelector.swift in Sources */ = {isa = PBXBuildFile; fileRef = 91FA17D12ACF3184009767BB /* PhotoSelector.swift */; };
		91FA17D42ACF3209009767BB /* PhotoKaleidoscope.swift in Sources */ = {isa = PBXBuildFile; fileRef = 91FA17D32ACF3209009767BB /* PhotoKaleidoscope.swift */; };
		91FA17D62ACF4DDD009767BB /* RotatedView.swift in Sources */ = {isa = PBXBuildFile; fileRef = 91FA17D52ACF4DDD009767BB /* RotatedView.swift */; };
/* End PBXBuildFile section */

/* Begin PBXContainerItemProxy section */
		913F2D302ABF65FA00F15632 /* PBXContainerItemProxy */ = {
			isa = PBXContainerItemProxy;
			containerPortal = 913F2D172ABF65F900F15632 /* Project object */;
			proxyType = 1;
			remoteGlobalIDString = 913F2D1E2ABF65F900F15632;
			remoteInfo = kaleid;
		};
/* End PBXContainerItemProxy section */

/* Begin PBXFileReference section */
		913F2D1F2ABF65F900F15632 /* kaleid.app */ = {isa = PBXFileReference; explicitFileType = wrapper.application; includeInIndex = 0; path = kaleid.app; sourceTree = BUILT_PRODUCTS_DIR; };
		913F2D222ABF65F900F15632 /* kaleidApp.swift */ = {isa = PBXFileReference; lastKnownFileType = sourcecode.swift; path = kaleidApp.swift; sourceTree = "<group>"; };
		913F2D242ABF65F900F15632 /* ContentView.swift */ = {isa = PBXFileReference; lastKnownFileType = sourcecode.swift; path = ContentView.swift; sourceTree = "<group>"; };
		913F2D262ABF65FA00F15632 /* Assets.xcassets */ = {isa = PBXFileReference; lastKnownFileType = folder.assetcatalog; path = Assets.xcassets; sourceTree = "<group>"; };
		913F2D292ABF65FA00F15632 /* Preview Assets.xcassets */ = {isa = PBXFileReference; lastKnownFileType = folder.assetcatalog; path = "Preview Assets.xcassets"; sourceTree = "<group>"; };
		913F2D2F2ABF65FA00F15632 /* kaleidTests.xctest */ = {isa = PBXFileReference; explicitFileType = wrapper.cfbundle; includeInIndex = 0; path = kaleidTests.xctest; sourceTree = BUILT_PRODUCTS_DIR; };
		919605612ABF6688004B2F3C /* _todo.txt */ = {isa = PBXFileReference; lastKnownFileType = text; path = _todo.txt; sourceTree = "<group>"; };
		919605632ABF6696004B2F3C /* LICENSE */ = {isa = PBXFileReference; fileEncoding = 4; lastKnownFileType = text; path = LICENSE; sourceTree = "<group>"; };
		919605642ABF6696004B2F3C /* README.md */ = {isa = PBXFileReference; fileEncoding = 4; lastKnownFileType = net.daringfireball.markdown; path = README.md; sourceTree = "<group>"; };
		919605672ABF6D8F004B2F3C /* kaleid.key */ = {isa = PBXFileReference; lastKnownFileType = file; path = kaleid.key; sourceTree = "<group>"; };
		919605692AC2045D004B2F3C /* kaleid.xctestplan */ = {isa = PBXFileReference; lastKnownFileType = text; path = kaleid.xctestplan; sourceTree = "<group>"; };
		9196056C2AC35464004B2F3C /* Pie.swift */ = {isa = PBXFileReference; lastKnownFileType = sourcecode.swift; path = Pie.swift; sourceTree = "<group>"; };
		9196056E2AC35FBE004B2F3C /* MirroredView.swift */ = {isa = PBXFileReference; lastKnownFileType = sourcecode.swift; path = MirroredView.swift; sourceTree = "<group>"; };
		919605702AC36949004B2F3C /* KaleidView.swift */ = {isa = PBXFileReference; lastKnownFileType = sourcecode.swift; path = KaleidView.swift; sourceTree = "<group>"; };
		919605722AC4BAD4004B2F3C /* Angle+toXYTests.swift */ = {isa = PBXFileReference; lastKnownFileType = sourcecode.swift; path = "Angle+toXYTests.swift"; sourceTree = "<group>"; };
		919605742AC60B9F004B2F3C /* Angle+toXY.swift */ = {isa = PBXFileReference; lastKnownFileType = sourcecode.swift; path = "Angle+toXY.swift"; sourceTree = "<group>"; };
		91ACA05E2AF02A6900F88735 /* CapturingView.swift */ = {isa = PBXFileReference; lastKnownFileType = sourcecode.swift; path = CapturingView.swift; sourceTree = "<group>"; };
		91B802F52AE6F74300FCCA43 /* Info.plist */ = {isa = PBXFileReference; lastKnownFileType = text.plist; path = Info.plist; sourceTree = "<group>"; };
		91B802F62AE99C1E00FCCA43 /* CameraModel.swift */ = {isa = PBXFileReference; lastKnownFileType = sourcecode.swift; path = CameraModel.swift; sourceTree = "<group>"; };
		91B802FC2AE99E4A00FCCA43 /* CameraKaleidoscope.swift */ = {isa = PBXFileReference; lastKnownFileType = sourcecode.swift; path = CameraKaleidoscope.swift; sourceTree = "<group>"; };
		91B802FE2AE9A54C00FCCA43 /* ErrorMessage.swift */ = {isa = PBXFileReference; lastKnownFileType = sourcecode.swift; path = ErrorMessage.swift; sourceTree = "<group>"; };
		91FA17CF2ACC908C009767BB /* ExperimentView.swift */ = {isa = PBXFileReference; lastKnownFileType = sourcecode.swift; path = ExperimentView.swift; sourceTree = "<group>"; };
		91FA17D12ACF3184009767BB /* PhotoSelector.swift */ = {isa = PBXFileReference; lastKnownFileType = sourcecode.swift; path = PhotoSelector.swift; sourceTree = "<group>"; };
		91FA17D32ACF3209009767BB /* PhotoKaleidoscope.swift */ = {isa = PBXFileReference; lastKnownFileType = sourcecode.swift; path = PhotoKaleidoscope.swift; sourceTree = "<group>"; };
		91FA17D52ACF4DDD009767BB /* RotatedView.swift */ = {isa = PBXFileReference; lastKnownFileType = sourcecode.swift; path = RotatedView.swift; sourceTree = "<group>"; };
/* End PBXFileReference section */

/* Begin PBXFrameworksBuildPhase section */
		913F2D1C2ABF65F900F15632 /* Frameworks */ = {
			isa = PBXFrameworksBuildPhase;
			buildActionMask = 2147483647;
			files = (
			);
			runOnlyForDeploymentPostprocessing = 0;
		};
		913F2D2C2ABF65FA00F15632 /* Frameworks */ = {
			isa = PBXFrameworksBuildPhase;
			buildActionMask = 2147483647;
			files = (
				91A3A0BF2AF2E0E600CF6479 /* EGTest in Frameworks */,
			);
			runOnlyForDeploymentPostprocessing = 0;
		};
/* End PBXFrameworksBuildPhase section */

/* Begin PBXGroup section */
		913F2D162ABF65F900F15632 = {
			isa = PBXGroup;
			children = (
				919605692AC2045D004B2F3C /* kaleid.xctestplan */,
				919605612ABF6688004B2F3C /* _todo.txt */,
				919605672ABF6D8F004B2F3C /* kaleid.key */,
				919605632ABF6696004B2F3C /* LICENSE */,
				919605642ABF6696004B2F3C /* README.md */,
				913F2D212ABF65F900F15632 /* kaleid */,
				913F2D322ABF65FA00F15632 /* kaleidTests */,
				913F2D202ABF65F900F15632 /* Products */,
				91A3A0BD2AF2E0E600CF6479 /* Frameworks */,
			);
			sourceTree = "<group>";
		};
		913F2D202ABF65F900F15632 /* Products */ = {
			isa = PBXGroup;
			children = (
				913F2D1F2ABF65F900F15632 /* kaleid.app */,
				913F2D2F2ABF65FA00F15632 /* kaleidTests.xctest */,
			);
			name = Products;
			sourceTree = "<group>";
		};
		913F2D212ABF65F900F15632 /* kaleid */ = {
			isa = PBXGroup;
			children = (
				913F2D222ABF65F900F15632 /* kaleidApp.swift */,
				913F2D242ABF65F900F15632 /* ContentView.swift */,
				913F2D262ABF65FA00F15632 /* Assets.xcassets */,
				91B802F52AE6F74300FCCA43 /* Info.plist */,
				91ACA05E2AF02A6900F88735 /* CapturingView.swift */,
				91B802FE2AE9A54C00FCCA43 /* ErrorMessage.swift */,
				91B802FB2AE99DA500FCCA43 /* Kaleidoscope */,
				91B802F82AE99D4600FCCA43 /* Photos */,
				91B802F92AE99D6100FCCA43 /* Camera */,
				91B802FA2AE99D8300FCCA43 /* Experiment */,
				913F2D282ABF65FA00F15632 /* Preview Content */,
			);
			path = kaleid;
			sourceTree = "<group>";
		};
		913F2D282ABF65FA00F15632 /* Preview Content */ = {
			isa = PBXGroup;
			children = (
				913F2D292ABF65FA00F15632 /* Preview Assets.xcassets */,
			);
			path = "Preview Content";
			sourceTree = "<group>";
		};
		913F2D322ABF65FA00F15632 /* kaleidTests */ = {
			isa = PBXGroup;
			children = (
				919605722AC4BAD4004B2F3C /* Angle+toXYTests.swift */,
			);
			path = kaleidTests;
			sourceTree = "<group>";
		};
		91A3A0BD2AF2E0E600CF6479 /* Frameworks */ = {
			isa = PBXGroup;
			children = (
			);
			name = Frameworks;
			sourceTree = "<group>";
		};
		91B802F82AE99D4600FCCA43 /* Photos */ = {
			isa = PBXGroup;
			children = (
				91FA17D12ACF3184009767BB /* PhotoSelector.swift */,
				91FA17D32ACF3209009767BB /* PhotoKaleidoscope.swift */,
			);
			path = Photos;
			sourceTree = "<group>";
		};
		91B802F92AE99D6100FCCA43 /* Camera */ = {
			isa = PBXGroup;
			children = (
				91B802F62AE99C1E00FCCA43 /* CameraModel.swift */,
				91B802FC2AE99E4A00FCCA43 /* CameraKaleidoscope.swift */,
			);
			path = Camera;
			sourceTree = "<group>";
		};
		91B802FA2AE99D8300FCCA43 /* Experiment */ = {
			isa = PBXGroup;
			children = (
				91FA17CF2ACC908C009767BB /* ExperimentView.swift */,
			);
			path = Experiment;
			sourceTree = "<group>";
		};
		91B802FB2AE99DA500FCCA43 /* Kaleidoscope */ = {
			isa = PBXGroup;
			children = (
				9196056C2AC35464004B2F3C /* Pie.swift */,
				9196056E2AC35FBE004B2F3C /* MirroredView.swift */,
				919605702AC36949004B2F3C /* KaleidView.swift */,
				919605742AC60B9F004B2F3C /* Angle+toXY.swift */,
				91FA17D52ACF4DDD009767BB /* RotatedView.swift */,
			);
			path = Kaleidoscope;
			sourceTree = "<group>";
		};
/* End PBXGroup section */

/* Begin PBXNativeTarget section */
		913F2D1E2ABF65F900F15632 /* kaleid */ = {
			isa = PBXNativeTarget;
			buildConfigurationList = 913F2D432ABF65FA00F15632 /* Build configuration list for PBXNativeTarget "kaleid" */;
			buildPhases = (
				913F2D1B2ABF65F900F15632 /* Sources */,
				91593A742AF198C400DA3671 /* ShellScript */,
				913F2D1C2ABF65F900F15632 /* Frameworks */,
				913F2D1D2ABF65F900F15632 /* Resources */,
			);
			buildRules = (
			);
			dependencies = (
			);
			name = kaleid;
			packageProductDependencies = (
			);
			productName = kaleid;
			productReference = 913F2D1F2ABF65F900F15632 /* kaleid.app */;
			productType = "com.apple.product-type.application";
		};
		913F2D2E2ABF65FA00F15632 /* kaleidTests */ = {
			isa = PBXNativeTarget;
			buildConfigurationList = 913F2D462ABF65FA00F15632 /* Build configuration list for PBXNativeTarget "kaleidTests" */;
			buildPhases = (
				913F2D2B2ABF65FA00F15632 /* Sources */,
				913F2D2C2ABF65FA00F15632 /* Frameworks */,
				913F2D2D2ABF65FA00F15632 /* Resources */,
			);
			buildRules = (
			);
			dependencies = (
				91A3A0BC2AF2E05700CF6479 /* PBXTargetDependency */,
				913F2D312ABF65FA00F15632 /* PBXTargetDependency */,
			);
			name = kaleidTests;
			packageProductDependencies = (
				91A3A0BE2AF2E0E600CF6479 /* EGTest */,
			);
			productName = kaleidTests;
			productReference = 913F2D2F2ABF65FA00F15632 /* kaleidTests.xctest */;
			productType = "com.apple.product-type.bundle.unit-test";
		};
/* End PBXNativeTarget section */

/* Begin PBXProject section */
		913F2D172ABF65F900F15632 /* Project object */ = {
			isa = PBXProject;
			attributes = {
				BuildIndependentTargetsInParallel = 1;
				LastSwiftUpdateCheck = 1500;
				LastUpgradeCheck = 1500;
				TargetAttributes = {
					913F2D1E2ABF65F900F15632 = {
						CreatedOnToolsVersion = 15.0;
					};
					913F2D2E2ABF65FA00F15632 = {
						CreatedOnToolsVersion = 15.0;
						TestTargetID = 913F2D1E2ABF65F900F15632;
					};
				};
			};
			buildConfigurationList = 913F2D1A2ABF65F900F15632 /* Build configuration list for PBXProject "kaleid" */;
			compatibilityVersion = "Xcode 14.0";
			developmentRegion = en;
			hasScannedForEncodings = 0;
			knownRegions = (
				en,
				Base,
			);
			mainGroup = 913F2D162ABF65F900F15632;
			packageReferences = (
				91593A762AF2DD9D00DA3671 /* XCRemoteSwiftPackageReference "EGTest" */,
			);
			productRefGroup = 913F2D202ABF65F900F15632 /* Products */;
			projectDirPath = "";
			projectRoot = "";
			targets = (
				913F2D1E2ABF65F900F15632 /* kaleid */,
				913F2D2E2ABF65FA00F15632 /* kaleidTests */,
			);
		};
/* End PBXProject section */

/* Begin PBXResourcesBuildPhase section */
		913F2D1D2ABF65F900F15632 /* Resources */ = {
			isa = PBXResourcesBuildPhase;
			buildActionMask = 2147483647;
			files = (
				919605622ABF6688004B2F3C /* _todo.txt in Resources */,
				913F2D2A2ABF65FA00F15632 /* Preview Assets.xcassets in Resources */,
				919605662ABF6696004B2F3C /* README.md in Resources */,
				919605652ABF6696004B2F3C /* LICENSE in Resources */,
				913F2D272ABF65FA00F15632 /* Assets.xcassets in Resources */,
				919605682ABF6D8F004B2F3C /* kaleid.key in Resources */,
			);
			runOnlyForDeploymentPostprocessing = 0;
		};
		913F2D2D2ABF65FA00F15632 /* Resources */ = {
			isa = PBXResourcesBuildPhase;
			buildActionMask = 2147483647;
			files = (
			);
			runOnlyForDeploymentPostprocessing = 0;
		};
/* End PBXResourcesBuildPhase section */

/* Begin PBXShellScriptBuildPhase section */
		91593A742AF198C400DA3671 /* ShellScript */ = {
			isa = PBXShellScriptBuildPhase;
			alwaysOutOfDate = 1;
			buildActionMask = 2147483647;
			files = (
			);
			inputFileListPaths = (
			);
			inputPaths = (
			);
			outputFileListPaths = (
			);
			outputPaths = (
			);
			runOnlyForDeploymentPostprocessing = 0;
			shellPath = /bin/sh;
			shellScript = "if [[ \"$(uname -m)\" == arm64 ]]; then\n    export PATH=\"/opt/homebrew/bin:$PATH\"\nfi\n\nif which swiftlint > /dev/null; then\n  swiftlint\nelse\n  echo \"warning: SwiftLint not installed, download from https://github.com/realm/SwiftLint\"\nfi\n";
		};
/* End PBXShellScriptBuildPhase section */

/* Begin PBXSourcesBuildPhase section */
		913F2D1B2ABF65F900F15632 /* Sources */ = {
			isa = PBXSourcesBuildPhase;
			buildActionMask = 2147483647;
			files = (
				9196056F2AC35FBE004B2F3C /* MirroredView.swift in Sources */,
				91FA17D22ACF3184009767BB /* PhotoSelector.swift in Sources */,
				91B802F72AE99C1E00FCCA43 /* CameraModel.swift in Sources */,
				9196056D2AC35464004B2F3C /* Pie.swift in Sources */,
				91FA17D02ACC908C009767BB /* ExperimentView.swift in Sources */,
				91FA17D62ACF4DDD009767BB /* RotatedView.swift in Sources */,
				91B802FF2AE9A54C00FCCA43 /* ErrorMessage.swift in Sources */,
				919605712AC36949004B2F3C /* KaleidView.swift in Sources */,
				91B802FD2AE99E4A00FCCA43 /* CameraKaleidoscope.swift in Sources */,
				91ACA05F2AF02A6900F88735 /* CapturingView.swift in Sources */,
				913F2D252ABF65F900F15632 /* ContentView.swift in Sources */,
				91FA17D42ACF3209009767BB /* PhotoKaleidoscope.swift in Sources */,
				913F2D232ABF65F900F15632 /* kaleidApp.swift in Sources */,
				919605752AC60B9F004B2F3C /* Angle+toXY.swift in Sources */,
			);
			runOnlyForDeploymentPostprocessing = 0;
		};
		913F2D2B2ABF65FA00F15632 /* Sources */ = {
			isa = PBXSourcesBuildPhase;
			buildActionMask = 2147483647;
			files = (
				919605732AC4BAD4004B2F3C /* Angle+toXYTests.swift in Sources */,
			);
			runOnlyForDeploymentPostprocessing = 0;
		};
/* End PBXSourcesBuildPhase section */

/* Begin PBXTargetDependency section */
		913F2D312ABF65FA00F15632 /* PBXTargetDependency */ = {
			isa = PBXTargetDependency;
			target = 913F2D1E2ABF65F900F15632 /* kaleid */;
			targetProxy = 913F2D302ABF65FA00F15632 /* PBXContainerItemProxy */;
		};
		91A3A0BC2AF2E05700CF6479 /* PBXTargetDependency */ = {
			isa = PBXTargetDependency;
			productRef = 91A3A0BB2AF2E05700CF6479 /* EGTest */;
		};
/* End PBXTargetDependency section */

/* Begin XCBuildConfiguration section */
		913F2D412ABF65FA00F15632 /* Debug */ = {
			isa = XCBuildConfiguration;
			buildSettings = {
				ALWAYS_SEARCH_USER_PATHS = NO;
				ASSETCATALOG_COMPILER_GENERATE_SWIFT_ASSET_SYMBOL_EXTENSIONS = YES;
				CLANG_ANALYZER_NONNULL = YES;
				CLANG_ANALYZER_NUMBER_OBJECT_CONVERSION = YES_AGGRESSIVE;
				CLANG_CXX_LANGUAGE_STANDARD = "gnu++20";
				CLANG_ENABLE_MODULES = YES;
				CLANG_ENABLE_OBJC_ARC = YES;
				CLANG_ENABLE_OBJC_WEAK = YES;
				CLANG_WARN_BLOCK_CAPTURE_AUTORELEASING = YES;
				CLANG_WARN_BOOL_CONVERSION = YES;
				CLANG_WARN_COMMA = YES;
				CLANG_WARN_CONSTANT_CONVERSION = YES;
				CLANG_WARN_DEPRECATED_OBJC_IMPLEMENTATIONS = YES;
				CLANG_WARN_DIRECT_OBJC_ISA_USAGE = YES_ERROR;
				CLANG_WARN_DOCUMENTATION_COMMENTS = YES;
				CLANG_WARN_EMPTY_BODY = YES;
				CLANG_WARN_ENUM_CONVERSION = YES;
				CLANG_WARN_INFINITE_RECURSION = YES;
				CLANG_WARN_INT_CONVERSION = YES;
				CLANG_WARN_NON_LITERAL_NULL_CONVERSION = YES;
				CLANG_WARN_OBJC_IMPLICIT_RETAIN_SELF = YES;
				CLANG_WARN_OBJC_LITERAL_CONVERSION = YES;
				CLANG_WARN_OBJC_ROOT_CLASS = YES_ERROR;
				CLANG_WARN_QUOTED_INCLUDE_IN_FRAMEWORK_HEADER = YES;
				CLANG_WARN_RANGE_LOOP_ANALYSIS = YES;
				CLANG_WARN_STRICT_PROTOTYPES = YES;
				CLANG_WARN_SUSPICIOUS_MOVE = YES;
				CLANG_WARN_UNGUARDED_AVAILABILITY = YES_AGGRESSIVE;
				CLANG_WARN_UNREACHABLE_CODE = YES;
				CLANG_WARN__DUPLICATE_METHOD_MATCH = YES;
				COPY_PHASE_STRIP = NO;
				DEBUG_INFORMATION_FORMAT = dwarf;
				ENABLE_STRICT_OBJC_MSGSEND = YES;
				ENABLE_TESTABILITY = YES;
				ENABLE_USER_SCRIPT_SANDBOXING = NO;
				GCC_C_LANGUAGE_STANDARD = gnu17;
				GCC_DYNAMIC_NO_PIC = NO;
				GCC_NO_COMMON_BLOCKS = YES;
				GCC_OPTIMIZATION_LEVEL = 0;
				GCC_PREPROCESSOR_DEFINITIONS = (
					"DEBUG=1",
					"$(inherited)",
				);
				GCC_WARN_64_TO_32_BIT_CONVERSION = YES;
				GCC_WARN_ABOUT_RETURN_TYPE = YES_ERROR;
				GCC_WARN_UNDECLARED_SELECTOR = YES;
				GCC_WARN_UNINITIALIZED_AUTOS = YES_AGGRESSIVE;
				GCC_WARN_UNUSED_FUNCTION = YES;
				GCC_WARN_UNUSED_VARIABLE = YES;
				IPHONEOS_DEPLOYMENT_TARGET = 17.0;
				LOCALIZATION_PREFERS_STRING_CATALOGS = YES;
				MTL_ENABLE_DEBUG_INFO = INCLUDE_SOURCE;
				MTL_FAST_MATH = YES;
				ONLY_ACTIVE_ARCH = YES;
				SDKROOT = iphoneos;
				SWIFT_ACTIVE_COMPILATION_CONDITIONS = "DEBUG $(inherited)";
				SWIFT_OPTIMIZATION_LEVEL = "-Onone";
			};
			name = Debug;
		};
		913F2D422ABF65FA00F15632 /* Release */ = {
			isa = XCBuildConfiguration;
			buildSettings = {
				ALWAYS_SEARCH_USER_PATHS = NO;
				ASSETCATALOG_COMPILER_GENERATE_SWIFT_ASSET_SYMBOL_EXTENSIONS = YES;
				CLANG_ANALYZER_NONNULL = YES;
				CLANG_ANALYZER_NUMBER_OBJECT_CONVERSION = YES_AGGRESSIVE;
				CLANG_CXX_LANGUAGE_STANDARD = "gnu++20";
				CLANG_ENABLE_MODULES = YES;
				CLANG_ENABLE_OBJC_ARC = YES;
				CLANG_ENABLE_OBJC_WEAK = YES;
				CLANG_WARN_BLOCK_CAPTURE_AUTORELEASING = YES;
				CLANG_WARN_BOOL_CONVERSION = YES;
				CLANG_WARN_COMMA = YES;
				CLANG_WARN_CONSTANT_CONVERSION = YES;
				CLANG_WARN_DEPRECATED_OBJC_IMPLEMENTATIONS = YES;
				CLANG_WARN_DIRECT_OBJC_ISA_USAGE = YES_ERROR;
				CLANG_WARN_DOCUMENTATION_COMMENTS = YES;
				CLANG_WARN_EMPTY_BODY = YES;
				CLANG_WARN_ENUM_CONVERSION = YES;
				CLANG_WARN_INFINITE_RECURSION = YES;
				CLANG_WARN_INT_CONVERSION = YES;
				CLANG_WARN_NON_LITERAL_NULL_CONVERSION = YES;
				CLANG_WARN_OBJC_IMPLICIT_RETAIN_SELF = YES;
				CLANG_WARN_OBJC_LITERAL_CONVERSION = YES;
				CLANG_WARN_OBJC_ROOT_CLASS = YES_ERROR;
				CLANG_WARN_QUOTED_INCLUDE_IN_FRAMEWORK_HEADER = YES;
				CLANG_WARN_RANGE_LOOP_ANALYSIS = YES;
				CLANG_WARN_STRICT_PROTOTYPES = YES;
				CLANG_WARN_SUSPICIOUS_MOVE = YES;
				CLANG_WARN_UNGUARDED_AVAILABILITY = YES_AGGRESSIVE;
				CLANG_WARN_UNREACHABLE_CODE = YES;
				CLANG_WARN__DUPLICATE_METHOD_MATCH = YES;
				COPY_PHASE_STRIP = NO;
				DEBUG_INFORMATION_FORMAT = "dwarf-with-dsym";
				ENABLE_NS_ASSERTIONS = NO;
				ENABLE_STRICT_OBJC_MSGSEND = YES;
				ENABLE_USER_SCRIPT_SANDBOXING = NO;
				GCC_C_LANGUAGE_STANDARD = gnu17;
				GCC_NO_COMMON_BLOCKS = YES;
				GCC_WARN_64_TO_32_BIT_CONVERSION = YES;
				GCC_WARN_ABOUT_RETURN_TYPE = YES_ERROR;
				GCC_WARN_UNDECLARED_SELECTOR = YES;
				GCC_WARN_UNINITIALIZED_AUTOS = YES_AGGRESSIVE;
				GCC_WARN_UNUSED_FUNCTION = YES;
				GCC_WARN_UNUSED_VARIABLE = YES;
				IPHONEOS_DEPLOYMENT_TARGET = 17.0;
				LOCALIZATION_PREFERS_STRING_CATALOGS = YES;
				MTL_ENABLE_DEBUG_INFO = NO;
				MTL_FAST_MATH = YES;
				SDKROOT = iphoneos;
				SWIFT_COMPILATION_MODE = wholemodule;
				VALIDATE_PRODUCT = YES;
			};
			name = Release;
		};
		913F2D442ABF65FA00F15632 /* Debug */ = {
			isa = XCBuildConfiguration;
			buildSettings = {
				ASSETCATALOG_COMPILER_APPICON_NAME = AppIcon;
				ASSETCATALOG_COMPILER_GLOBAL_ACCENT_COLOR_NAME = AccentColor;
				CODE_SIGN_STYLE = Automatic;
				CURRENT_PROJECT_VERSION = 1;
				DEVELOPMENT_ASSET_PATHS = "\"kaleid/Preview Content\"";
				DEVELOPMENT_TEAM = 7B9VB3YTHK;
				ENABLE_PREVIEWS = YES;
				GENERATE_INFOPLIST_FILE = YES;
				INFOPLIST_FILE = kaleid/Info.plist;
				INFOPLIST_KEY_LSApplicationCategoryType = "public.app-category.entertainment";
				INFOPLIST_KEY_UIApplicationSceneManifest_Generation = YES;
				INFOPLIST_KEY_UIApplicationSupportsIndirectInputEvents = YES;
				INFOPLIST_KEY_UILaunchScreen_Generation = YES;
				INFOPLIST_KEY_UIRequiresFullScreen = YES;
				INFOPLIST_KEY_UISupportedInterfaceOrientations = UIInterfaceOrientationPortrait;
				LD_RUNPATH_SEARCH_PATHS = (
					"$(inherited)",
					"@executable_path/Frameworks",
				);
				MARKETING_VERSION = 1.0;
				PRODUCT_BUNDLE_IDENTIFIER = com.xp123.kaleid;
				PRODUCT_NAME = "$(TARGET_NAME)";
				SWIFT_EMIT_LOC_STRINGS = YES;
				SWIFT_VERSION = 5.0;
				TARGETED_DEVICE_FAMILY = "1,2";
			};
			name = Debug;
		};
		913F2D452ABF65FA00F15632 /* Release */ = {
			isa = XCBuildConfiguration;
			buildSettings = {
				ASSETCATALOG_COMPILER_APPICON_NAME = AppIcon;
				ASSETCATALOG_COMPILER_GLOBAL_ACCENT_COLOR_NAME = AccentColor;
				CODE_SIGN_STYLE = Automatic;
				CURRENT_PROJECT_VERSION = 1;
				DEVELOPMENT_ASSET_PATHS = "\"kaleid/Preview Content\"";
				DEVELOPMENT_TEAM = 7B9VB3YTHK;
				ENABLE_PREVIEWS = YES;
				GENERATE_INFOPLIST_FILE = YES;
				INFOPLIST_FILE = kaleid/Info.plist;
				INFOPLIST_KEY_LSApplicationCategoryType = "public.app-category.entertainment";
				INFOPLIST_KEY_UIApplicationSceneManifest_Generation = YES;
				INFOPLIST_KEY_UIApplicationSupportsIndirectInputEvents = YES;
				INFOPLIST_KEY_UILaunchScreen_Generation = YES;
				INFOPLIST_KEY_UIRequiresFullScreen = YES;
				INFOPLIST_KEY_UISupportedInterfaceOrientations = UIInterfaceOrientationPortrait;
				LD_RUNPATH_SEARCH_PATHS = (
					"$(inherited)",
					"@executable_path/Frameworks",
				);
				MARKETING_VERSION = 1.0;
				PRODUCT_BUNDLE_IDENTIFIER = com.xp123.kaleid;
				PRODUCT_NAME = "$(TARGET_NAME)";
				SWIFT_EMIT_LOC_STRINGS = YES;
				SWIFT_VERSION = 5.0;
				TARGETED_DEVICE_FAMILY = "1,2";
			};
			name = Release;
		};
		913F2D472ABF65FA00F15632 /* Debug */ = {
			isa = XCBuildConfiguration;
			buildSettings = {
				ALWAYS_EMBED_SWIFT_STANDARD_LIBRARIES = YES;
				BUNDLE_LOADER = "$(TEST_HOST)";
				CODE_SIGN_STYLE = Automatic;
				CURRENT_PROJECT_VERSION = 1;
				DEVELOPMENT_TEAM = 7B9VB3YTHK;
				GENERATE_INFOPLIST_FILE = YES;
				IPHONEOS_DEPLOYMENT_TARGET = 17.0;
				MARKETING_VERSION = 1.0;
				PRODUCT_BUNDLE_IDENTIFIER = com.xp123.kaleidTests;
				PRODUCT_NAME = "$(TARGET_NAME)";
				SWIFT_EMIT_LOC_STRINGS = NO;
				SWIFT_VERSION = 5.0;
				TARGETED_DEVICE_FAMILY = "1,2";
				TEST_HOST = "$(BUILT_PRODUCTS_DIR)/kaleid.app/$(BUNDLE_EXECUTABLE_FOLDER_PATH)/kaleid";
			};
			name = Debug;
		};
		913F2D482ABF65FA00F15632 /* Release */ = {
			isa = XCBuildConfiguration;
			buildSettings = {
				ALWAYS_EMBED_SWIFT_STANDARD_LIBRARIES = YES;
				BUNDLE_LOADER = "$(TEST_HOST)";
				CODE_SIGN_STYLE = Automatic;
				CURRENT_PROJECT_VERSION = 1;
				DEVELOPMENT_TEAM = 7B9VB3YTHK;
				GENERATE_INFOPLIST_FILE = YES;
				IPHONEOS_DEPLOYMENT_TARGET = 17.0;
				MARKETING_VERSION = 1.0;
				PRODUCT_BUNDLE_IDENTIFIER = com.xp123.kaleidTests;
				PRODUCT_NAME = "$(TARGET_NAME)";
				SWIFT_EMIT_LOC_STRINGS = NO;
				SWIFT_VERSION = 5.0;
				TARGETED_DEVICE_FAMILY = "1,2";
				TEST_HOST = "$(BUILT_PRODUCTS_DIR)/kaleid.app/$(BUNDLE_EXECUTABLE_FOLDER_PATH)/kaleid";
			};
			name = Release;
		};
/* End XCBuildConfiguration section */

/* Begin XCConfigurationList section */
		913F2D1A2ABF65F900F15632 /* Build configuration list for PBXProject "kaleid" */ = {
			isa = XCConfigurationList;
			buildConfigurations = (
				913F2D412ABF65FA00F15632 /* Debug */,
				913F2D422ABF65FA00F15632 /* Release */,
			);
			defaultConfigurationIsVisible = 0;
			defaultConfigurationName = Release;
		};
		913F2D432ABF65FA00F15632 /* Build configuration list for PBXNativeTarget "kaleid" */ = {
			isa = XCConfigurationList;
			buildConfigurations = (
				913F2D442ABF65FA00F15632 /* Debug */,
				913F2D452ABF65FA00F15632 /* Release */,
			);
			defaultConfigurationIsVisible = 0;
			defaultConfigurationName = Release;
		};
		913F2D462ABF65FA00F15632 /* Build configuration list for PBXNativeTarget "kaleidTests" */ = {
			isa = XCConfigurationList;
			buildConfigurations = (
				913F2D472ABF65FA00F15632 /* Debug */,
				913F2D482ABF65FA00F15632 /* Release */,
			);
			defaultConfigurationIsVisible = 0;
			defaultConfigurationName = Release;
		};
/* End XCConfigurationList section */

/* Begin XCRemoteSwiftPackageReference section */
		91593A762AF2DD9D00DA3671 /* XCRemoteSwiftPackageReference "EGTest" */ = {
			isa = XCRemoteSwiftPackageReference;
			repositoryURL = "https://github.com/wwake/EGTest.git";
			requirement = {
				kind = upToNextMajorVersion;
				minimumVersion = 0.4.1;
			};
		};
/* End XCRemoteSwiftPackageReference section */

/* Begin XCSwiftPackageProductDependency section */
		91A3A0BB2AF2E05700CF6479 /* EGTest */ = {
			isa = XCSwiftPackageProductDependency;
			package = 91593A762AF2DD9D00DA3671 /* XCRemoteSwiftPackageReference "EGTest" */;
			productName = EGTest;
		};
		91A3A0BE2AF2E0E600CF6479 /* EGTest */ = {
			isa = XCSwiftPackageProductDependency;
			package = 91593A762AF2DD9D00DA3671 /* XCRemoteSwiftPackageReference "EGTest" */;
			productName = EGTest;
		};
/* End XCSwiftPackageProductDependency section */
	};
	rootObject = 913F2D172ABF65F900F15632 /* Project object */;
}
