// !$*UTF8*$!
{
	archiveVersion = 1;
	classes = {
	};
	objectVersion = 56;
	objects = {

/* Begin PBXBuildFile section */
		913F2D232ABF65F900F15632 /* kaleidApp.swift in Sources */ = {isa = PBXBuildFile; fileRef = 913F2D222ABF65F900F15632 /* kaleidApp.swift */; };
		913F2D252ABF65F900F15632 /* ContentView.swift in Sources */ = {isa = PBXBuildFile; fileRef = 913F2D242ABF65F900F15632 /* ContentView.swift */; };
		913F2D272ABF65FA00F15632 /* Assets.xcassets in Resources */ = {isa = PBXBuildFile; fileRef = 913F2D262ABF65FA00F15632 /* Assets.xcassets */; };
		913F2D2A2ABF65FA00F15632 /* Preview Assets.xcassets in Resources */ = {isa = PBXBuildFile; fileRef = 913F2D292ABF65FA00F15632 /* Preview Assets.xcassets */; };
		913F2D342ABF65FA00F15632 /* kaleidTests.swift in Sources */ = {isa = PBXBuildFile; fileRef = 913F2D332ABF65FA00F15632 /* kaleidTests.swift */; };
		913F2D3E2ABF65FA00F15632 /* kaleidUITests.swift in Sources */ = {isa = PBXBuildFile; fileRef = 913F2D3D2ABF65FA00F15632 /* kaleidUITests.swift */; };
		913F2D402ABF65FA00F15632 /* kaleidUITestsLaunchTests.swift in Sources */ = {isa = PBXBuildFile; fileRef = 913F2D3F2ABF65FA00F15632 /* kaleidUITestsLaunchTests.swift */; };
/* End PBXBuildFile section */

/* Begin PBXContainerItemProxy section */
		913F2D302ABF65FA00F15632 /* PBXContainerItemProxy */ = {
			isa = PBXContainerItemProxy;
			containerPortal = 913F2D172ABF65F900F15632 /* Project object */;
			proxyType = 1;
			remoteGlobalIDString = 913F2D1E2ABF65F900F15632;
			remoteInfo = kaleid;
		};
		913F2D3A2ABF65FA00F15632 /* PBXContainerItemProxy */ = {
			isa = PBXContainerItemProxy;
			containerPortal = 913F2D172ABF65F900F15632 /* Project object */;
			proxyType = 1;
			remoteGlobalIDString = 913F2D1E2ABF65F900F15632;
			remoteInfo = kaleid;
		};
/* End PBXContainerItemProxy section */

/* Begin PBXFileReference section */
		913F2D1F2ABF65F900F15632 /* kaleid.app */ = {isa = PBXFileReference; explicitFileType = wrapper.application; includeInIndex = 0; path = kaleid.app; sourceTree = BUILT_PRODUCTS_DIR; };
		913F2D222ABF65F900F15632 /* kaleidApp.swift */ = {isa = PBXFileReference; lastKnownFileType = sourcecode.swift; path = kaleidApp.swift; sourceTree = "<group>"; };
		913F2D242ABF65F900F15632 /* ContentView.swift */ = {isa = PBXFileReference; lastKnownFileType = sourcecode.swift; path = ContentView.swift; sourceTree = "<group>"; };
		913F2D262ABF65FA00F15632 /* Assets.xcassets */ = {isa = PBXFileReference; lastKnownFileType = folder.assetcatalog; path = Assets.xcassets; sourceTree = "<group>"; };
		913F2D292ABF65FA00F15632 /* Preview Assets.xcassets */ = {isa = PBXFileReference; lastKnownFileType = folder.assetcatalog; path = "Preview Assets.xcassets"; sourceTree = "<group>"; };
		913F2D2F2ABF65FA00F15632 /* kaleidTests.xctest */ = {isa = PBXFileReference; explicitFileType = wrapper.cfbundle; includeInIndex = 0; path = kaleidTests.xctest; sourceTree = BUILT_PRODUCTS_DIR; };
		913F2D332ABF65FA00F15632 /* kaleidTests.swift */ = {isa = PBXFileReference; lastKnownFileType = sourcecode.swift; path = kaleidTests.swift; sourceTree = "<group>"; };
		913F2D392ABF65FA00F15632 /* kaleidUITests.xctest */ = {isa = PBXFileReference; explicitFileType = wrapper.cfbundle; includeInIndex = 0; path = kaleidUITests.xctest; sourceTree = BUILT_PRODUCTS_DIR; };
		913F2D3D2ABF65FA00F15632 /* kaleidUITests.swift */ = {isa = PBXFileReference; lastKnownFileType = sourcecode.swift; path = kaleidUITests.swift; sourceTree = "<group>"; };
		913F2D3F2ABF65FA00F15632 /* kaleidUITestsLaunchTests.swift */ = {isa = PBXFileReference; lastKnownFileType = sourcecode.swift; path = kaleidUITestsLaunchTests.swift; sourceTree = "<group>"; };
/* End PBXFileReference section */

/* Begin PBXFrameworksBuildPhase section */
		913F2D1C2ABF65F900F15632 /* Frameworks */ = {
			isa = PBXFrameworksBuildPhase;
			buildActionMask = 2147483647;
			files = (
			);
			runOnlyForDeploymentPostprocessing = 0;
		};
		913F2D2C2ABF65FA00F15632 /* Frameworks */ = {
			isa = PBXFrameworksBuildPhase;
			buildActionMask = 2147483647;
			files = (
			);
			runOnlyForDeploymentPostprocessing = 0;
		};
		913F2D362ABF65FA00F15632 /* Frameworks */ = {
			isa = PBXFrameworksBuildPhase;
			buildActionMask = 2147483647;
			files = (
			);
			runOnlyForDeploymentPostprocessing = 0;
		};
/* End PBXFrameworksBuildPhase section */

/* Begin PBXGroup section */
		913F2D162ABF65F900F15632 = {
			isa = PBXGroup;
			children = (
				913F2D212ABF65F900F15632 /* kaleid */,
				913F2D322ABF65FA00F15632 /* kaleidTests */,
				913F2D3C2ABF65FA00F15632 /* kaleidUITests */,
				913F2D202ABF65F900F15632 /* Products */,
			);
			sourceTree = "<group>";
		};
		913F2D202ABF65F900F15632 /* Products */ = {
			isa = PBXGroup;
			children = (
				913F2D1F2ABF65F900F15632 /* kaleid.app */,
				913F2D2F2ABF65FA00F15632 /* kaleidTests.xctest */,
				913F2D392ABF65FA00F15632 /* kaleidUITests.xctest */,
			);
			name = Products;
			sourceTree = "<group>";
		};
		913F2D212ABF65F900F15632 /* kaleid */ = {
			isa = PBXGroup;
			children = (
				913F2D222ABF65F900F15632 /* kaleidApp.swift */,
				913F2D242ABF65F900F15632 /* ContentView.swift */,
				913F2D262ABF65FA00F15632 /* Assets.xcassets */,
				913F2D282ABF65FA00F15632 /* Preview Content */,
			);
			path = kaleid;
			sourceTree = "<group>";
		};
		913F2D282ABF65FA00F15632 /* Preview Content */ = {
			isa = PBXGroup;
			children = (
				913F2D292ABF65FA00F15632 /* Preview Assets.xcassets */,
			);
			path = "Preview Content";
			sourceTree = "<group>";
		};
		913F2D322ABF65FA00F15632 /* kaleidTests */ = {
			isa = PBXGroup;
			children = (
				913F2D332ABF65FA00F15632 /* kaleidTests.swift */,
			);
			path = kaleidTests;
			sourceTree = "<group>";
		};
		913F2D3C2ABF65FA00F15632 /* kaleidUITests */ = {
			isa = PBXGroup;
			children = (
				913F2D3D2ABF65FA00F15632 /* kaleidUITests.swift */,
				913F2D3F2ABF65FA00F15632 /* kaleidUITestsLaunchTests.swift */,
			);
			path = kaleidUITests;
			sourceTree = "<group>";
		};
/* End PBXGroup section */

/* Begin PBXNativeTarget section */
		913F2D1E2ABF65F900F15632 /* kaleid */ = {
			isa = PBXNativeTarget;
			buildConfigurationList = 913F2D432ABF65FA00F15632 /* Build configuration list for PBXNativeTarget "kaleid" */;
			buildPhases = (
				913F2D1B2ABF65F900F15632 /* Sources */,
				913F2D1C2ABF65F900F15632 /* Frameworks */,
				913F2D1D2ABF65F900F15632 /* Resources */,
			);
			buildRules = (
			);
			dependencies = (
			);
			name = kaleid;
			productName = kaleid;
			productReference = 913F2D1F2ABF65F900F15632 /* kaleid.app */;
			productType = "com.apple.product-type.application";
		};
		913F2D2E2ABF65FA00F15632 /* kaleidTests */ = {
			isa = PBXNativeTarget;
			buildConfigurationList = 913F2D462ABF65FA00F15632 /* Build configuration list for PBXNativeTarget "kaleidTests" */;
			buildPhases = (
				913F2D2B2ABF65FA00F15632 /* Sources */,
				913F2D2C2ABF65FA00F15632 /* Frameworks */,
				913F2D2D2ABF65FA00F15632 /* Resources */,
			);
			buildRules = (
			);
			dependencies = (
				913F2D312ABF65FA00F15632 /* PBXTargetDependency */,
			);
			name = kaleidTests;
			productName = kaleidTests;
			productReference = 913F2D2F2ABF65FA00F15632 /* kaleidTests.xctest */;
			productType = "com.apple.product-type.bundle.unit-test";
		};
		913F2D382ABF65FA00F15632 /* kaleidUITests */ = {
			isa = PBXNativeTarget;
			buildConfigurationList = 913F2D492ABF65FA00F15632 /* Build configuration list for PBXNativeTarget "kaleidUITests" */;
			buildPhases = (
				913F2D352ABF65FA00F15632 /* Sources */,
				913F2D362ABF65FA00F15632 /* Frameworks */,
				913F2D372ABF65FA00F15632 /* Resources */,
			);
			buildRules = (
			);
			dependencies = (
				913F2D3B2ABF65FA00F15632 /* PBXTargetDependency */,
			);
			name = kaleidUITests;
			productName = kaleidUITests;
			productReference = 913F2D392ABF65FA00F15632 /* kaleidUITests.xctest */;
			productType = "com.apple.product-type.bundle.ui-testing";
		};
/* End PBXNativeTarget section */

/* Begin PBXProject section */
		913F2D172ABF65F900F15632 /* Project object */ = {
			isa = PBXProject;
			attributes = {
				BuildIndependentTargetsInParallel = 1;
				LastSwiftUpdateCheck = 1500;
				LastUpgradeCheck = 1500;
				TargetAttributes = {
					913F2D1E2ABF65F900F15632 = {
						CreatedOnToolsVersion = 15.0;
					};
					913F2D2E2ABF65FA00F15632 = {
						CreatedOnToolsVersion = 15.0;
						TestTargetID = 913F2D1E2ABF65F900F15632;
					};
					913F2D382ABF65FA00F15632 = {
						CreatedOnToolsVersion = 15.0;
						TestTargetID = 913F2D1E2ABF65F900F15632;
					};
				};
			};
			buildConfigurationList = 913F2D1A2ABF65F900F15632 /* Build configuration list for PBXProject "kaleid" */;
			compatibilityVersion = "Xcode 14.0";
			developmentRegion = en;
			hasScannedForEncodings = 0;
			knownRegions = (
				en,
				Base,
			);
			mainGroup = 913F2D162ABF65F900F15632;
			productRefGroup = 913F2D202ABF65F900F15632 /* Products */;
			projectDirPath = "";
			projectRoot = "";
			targets = (
				913F2D1E2ABF65F900F15632 /* kaleid */,
				913F2D2E2ABF65FA00F15632 /* kaleidTests */,
				913F2D382ABF65FA00F15632 /* kaleidUITests */,
			);
		};
/* End PBXProject section */

/* Begin PBXResourcesBuildPhase section */
		913F2D1D2ABF65F900F15632 /* Resources */ = {
			isa = PBXResourcesBuildPhase;
			buildActionMask = 2147483647;
			files = (
				913F2D2A2ABF65FA00F15632 /* Preview Assets.xcassets in Resources */,
				913F2D272ABF65FA00F15632 /* Assets.xcassets in Resources */,
			);
			runOnlyForDeploymentPostprocessing = 0;
		};
		913F2D2D2ABF65FA00F15632 /* Resources */ = {
			isa = PBXResourcesBuildPhase;
			buildActionMask = 2147483647;
			files = (
			);
			runOnlyForDeploymentPostprocessing = 0;
		};
		913F2D372ABF65FA00F15632 /* Resources */ = {
			isa = PBXResourcesBuildPhase;
			buildActionMask = 2147483647;
			files = (
			);
			runOnlyForDeploymentPostprocessing = 0;
		};
/* End PBXResourcesBuildPhase section */

/* Begin PBXSourcesBuildPhase section */
		913F2D1B2ABF65F900F15632 /* Sources */ = {
			isa = PBXSourcesBuildPhase;
			buildActionMask = 2147483647;
			files = (
				913F2D252ABF65F900F15632 /* ContentView.swift in Sources */,
				913F2D232ABF65F900F15632 /* kaleidApp.swift in Sources */,
			);
			runOnlyForDeploymentPostprocessing = 0;
		};
		913F2D2B2ABF65FA00F15632 /* Sources */ = {
			isa = PBXSourcesBuildPhase;
			buildActionMask = 2147483647;
			files = (
				913F2D342ABF65FA00F15632 /* kaleidTests.swift in Sources */,
			);
			runOnlyForDeploymentPostprocessing = 0;
		};
		913F2D352ABF65FA00F15632 /* Sources */ = {
			isa = PBXSourcesBuildPhase;
			buildActionMask = 2147483647;
			files = (
				913F2D402ABF65FA00F15632 /* kaleidUITestsLaunchTests.swift in Sources */,
				913F2D3E2ABF65FA00F15632 /* kaleidUITests.swift in Sources */,
			);
			runOnlyForDeploymentPostprocessing = 0;
		};
/* End PBXSourcesBuildPhase section */

/* Begin PBXTargetDependency section */
		913F2D312ABF65FA00F15632 /* PBXTargetDependency */ = {
			isa = PBXTargetDependency;
			target = 913F2D1E2ABF65F900F15632 /* kaleid */;
			targetProxy = 913F2D302ABF65FA00F15632 /* PBXContainerItemProxy */;
		};
		913F2D3B2ABF65FA00F15632 /* PBXTargetDependency */ = {
			isa = PBXTargetDependency;
			target = 913F2D1E2ABF65F900F15632 /* kaleid */;
			targetProxy = 913F2D3A2ABF65FA00F15632 /* PBXContainerItemProxy */;
		};
/* End PBXTargetDependency section */

/* Begin XCBuildConfiguration section */
		913F2D412ABF65FA00F15632 /* Debug */ = {
			isa = XCBuildConfiguration;
			buildSettings = {
				ALWAYS_SEARCH_USER_PATHS = NO;
				ASSETCATALOG_COMPILER_GENERATE_SWIFT_ASSET_SYMBOL_EXTENSIONS = YES;
				CLANG_ANALYZER_NONNULL = YES;
				CLANG_ANALYZER_NUMBER_OBJECT_CONVERSION = YES_AGGRESSIVE;
				CLANG_CXX_LANGUAGE_STANDARD = "gnu++20";
				CLANG_ENABLE_MODULES = YES;
				CLANG_ENABLE_OBJC_ARC = YES;
				CLANG_ENABLE_OBJC_WEAK = YES;
				CLANG_WARN_BLOCK_CAPTURE_AUTORELEASING = YES;
				CLANG_WARN_BOOL_CONVERSION = YES;
				CLANG_WARN_COMMA = YES;
				CLANG_WARN_CONSTANT_CONVERSION = YES;
				CLANG_WARN_DEPRECATED_OBJC_IMPLEMENTATIONS = YES;
				CLANG_WARN_DIRECT_OBJC_ISA_USAGE = YES_ERROR;
				CLANG_WARN_DOCUMENTATION_COMMENTS = YES;
				CLANG_WARN_EMPTY_BODY = YES;
				CLANG_WARN_ENUM_CONVERSION = YES;
				CLANG_WARN_INFINITE_RECURSION = YES;
				CLANG_WARN_INT_CONVERSION = YES;
				CLANG_WARN_NON_LITERAL_NULL_CONVERSION = YES;
				CLANG_WARN_OBJC_IMPLICIT_RETAIN_SELF = YES;
				CLANG_WARN_OBJC_LITERAL_CONVERSION = YES;
				CLANG_WARN_OBJC_ROOT_CLASS = YES_ERROR;
				CLANG_WARN_QUOTED_INCLUDE_IN_FRAMEWORK_HEADER = YES;
				CLANG_WARN_RANGE_LOOP_ANALYSIS = YES;
				CLANG_WARN_STRICT_PROTOTYPES = YES;
				CLANG_WARN_SUSPICIOUS_MOVE = YES;
				CLANG_WARN_UNGUARDED_AVAILABILITY = YES_AGGRESSIVE;
				CLANG_WARN_UNREACHABLE_CODE = YES;
				CLANG_WARN__DUPLICATE_METHOD_MATCH = YES;
				COPY_PHASE_STRIP = NO;
				DEBUG_INFORMATION_FORMAT = dwarf;
				ENABLE_STRICT_OBJC_MSGSEND = YES;
				ENABLE_TESTABILITY = YES;
				ENABLE_USER_SCRIPT_SANDBOXING = YES;
				GCC_C_LANGUAGE_STANDARD = gnu17;
				GCC_DYNAMIC_NO_PIC = NO;
				GCC_NO_COMMON_BLOCKS = YES;
				GCC_OPTIMIZATION_LEVEL = 0;
				GCC_PREPROCESSOR_DEFINITIONS = (
					"DEBUG=1",
					"$(inherited)",
				);
				GCC_WARN_64_TO_32_BIT_CONVERSION = YES;
				GCC_WARN_ABOUT_RETURN_TYPE = YES_ERROR;
				GCC_WARN_UNDECLARED_SELECTOR = YES;
				GCC_WARN_UNINITIALIZED_AUTOS = YES_AGGRESSIVE;
				GCC_WARN_UNUSED_FUNCTION = YES;
				GCC_WARN_UNUSED_VARIABLE = YES;
				IPHONEOS_DEPLOYMENT_TARGET = 17.0;
				LOCALIZATION_PREFERS_STRING_CATALOGS = YES;
				MTL_ENABLE_DEBUG_INFO = INCLUDE_SOURCE;
				MTL_FAST_MATH = YES;
				ONLY_ACTIVE_ARCH = YES;
				SDKROOT = iphoneos;
				SWIFT_ACTIVE_COMPILATION_CONDITIONS = "DEBUG $(inherited)";
				SWIFT_OPTIMIZATION_LEVEL = "-Onone";
			};
			name = Debug;
		};
		913F2D422ABF65FA00F15632 /* Release */ = {
			isa = XCBuildConfiguration;
			buildSettings = {
				ALWAYS_SEARCH_USER_PATHS = NO;
				ASSETCATALOG_COMPILER_GENERATE_SWIFT_ASSET_SYMBOL_EXTENSIONS = YES;
				CLANG_ANALYZER_NONNULL = YES;
				CLANG_ANALYZER_NUMBER_OBJECT_CONVERSION = YES_AGGRESSIVE;
				CLANG_CXX_LANGUAGE_STANDARD = "gnu++20";
				CLANG_ENABLE_MODULES = YES;
				CLANG_ENABLE_OBJC_ARC = YES;
				CLANG_ENABLE_OBJC_WEAK = YES;
				CLANG_WARN_BLOCK_CAPTURE_AUTORELEASING = YES;
				CLANG_WARN_BOOL_CONVERSION = YES;
				CLANG_WARN_COMMA = YES;
				CLANG_WARN_CONSTANT_CONVERSION = YES;
				CLANG_WARN_DEPRECATED_OBJC_IMPLEMENTATIONS = YES;
				CLANG_WARN_DIRECT_OBJC_ISA_USAGE = YES_ERROR;
				CLANG_WARN_DOCUMENTATION_COMMENTS = YES;
				CLANG_WARN_EMPTY_BODY = YES;
				CLANG_WARN_ENUM_CONVERSION = YES;
				CLANG_WARN_INFINITE_RECURSION = YES;
				CLANG_WARN_INT_CONVERSION = YES;
				CLANG_WARN_NON_LITERAL_NULL_CONVERSION = YES;
				CLANG_WARN_OBJC_IMPLICIT_RETAIN_SELF = YES;
				CLANG_WARN_OBJC_LITERAL_CONVERSION = YES;
				CLANG_WARN_OBJC_ROOT_CLASS = YES_ERROR;
				CLANG_WARN_QUOTED_INCLUDE_IN_FRAMEWORK_HEADER = YES;
				CLANG_WARN_RANGE_LOOP_ANALYSIS = YES;
				CLANG_WARN_STRICT_PROTOTYPES = YES;
				CLANG_WARN_SUSPICIOUS_MOVE = YES;
				CLANG_WARN_UNGUARDED_AVAILABILITY = YES_AGGRESSIVE;
				CLANG_WARN_UNREACHABLE_CODE = YES;
				CLANG_WARN__DUPLICATE_METHOD_MATCH = YES;
				COPY_PHASE_STRIP = NO;
				DEBUG_INFORMATION_FORMAT = "dwarf-with-dsym";
				ENABLE_NS_ASSERTIONS = NO;
				ENABLE_STRICT_OBJC_MSGSEND = YES;
				ENABLE_USER_SCRIPT_SANDBOXING = YES;
				GCC_C_LANGUAGE_STANDARD = gnu17;
				GCC_NO_COMMON_BLOCKS = YES;
				GCC_WARN_64_TO_32_BIT_CONVERSION = YES;
				GCC_WARN_ABOUT_RETURN_TYPE = YES_ERROR;
				GCC_WARN_UNDECLARED_SELECTOR = YES;
				GCC_WARN_UNINITIALIZED_AUTOS = YES_AGGRESSIVE;
				GCC_WARN_UNUSED_FUNCTION = YES;
				GCC_WARN_UNUSED_VARIABLE = YES;
				IPHONEOS_DEPLOYMENT_TARGET = 17.0;
				LOCALIZATION_PREFERS_STRING_CATALOGS = YES;
				MTL_ENABLE_DEBUG_INFO = NO;
				MTL_FAST_MATH = YES;
				SDKROOT = iphoneos;
				SWIFT_COMPILATION_MODE = wholemodule;
				VALIDATE_PRODUCT = YES;
			};
			name = Release;
		};
		913F2D442ABF65FA00F15632 /* Debug */ = {
			isa = XCBuildConfiguration;
			buildSettings = {
				ASSETCATALOG_COMPILER_APPICON_NAME = AppIcon;
				ASSETCATALOG_COMPILER_GLOBAL_ACCENT_COLOR_NAME = AccentColor;
				CODE_SIGN_STYLE = Automatic;
				CURRENT_PROJECT_VERSION = 1;
				DEVELOPMENT_ASSET_PATHS = "\"kaleid/Preview Content\"";
				DEVELOPMENT_TEAM = 7B9VB3YTHK;
				ENABLE_PREVIEWS = YES;
				GENERATE_INFOPLIST_FILE = YES;
				INFOPLIST_KEY_UIApplicationSceneManifest_Generation = YES;
				INFOPLIST_KEY_UIApplicationSupportsIndirectInputEvents = YES;
				INFOPLIST_KEY_UILaunchScreen_Generation = YES;
				INFOPLIST_KEY_UISupportedInterfaceOrientations_iPad = "UIInterfaceOrientationPortrait UIInterfaceOrientationPortraitUpsideDown UIInterfaceOrientationLandscapeLeft UIInterfaceOrientationLandscapeRight";
				INFOPLIST_KEY_UISupportedInterfaceOrientations_iPhone = "UIInterfaceOrientationPortrait UIInterfaceOrientationLandscapeLeft UIInterfaceOrientationLandscapeRight";
				LD_RUNPATH_SEARCH_PATHS = (
					"$(inherited)",
					"@executable_path/Frameworks",
				);
				MARKETING_VERSION = 1.0;
				PRODUCT_BUNDLE_IDENTIFIER = com.xp123.kaleid;
				PRODUCT_NAME = "$(TARGET_NAME)";
				SWIFT_EMIT_LOC_STRINGS = YES;
				SWIFT_VERSION = 5.0;
				TARGETED_DEVICE_FAMILY = "1,2";
			};
			name = Debug;
		};
		913F2D452ABF65FA00F15632 /* Release */ = {
			isa = XCBuildConfiguration;
			buildSettings = {
				ASSETCATALOG_COMPILER_APPICON_NAME = AppIcon;
				ASSETCATALOG_COMPILER_GLOBAL_ACCENT_COLOR_NAME = AccentColor;
				CODE_SIGN_STYLE = Automatic;
				CURRENT_PROJECT_VERSION = 1;
				DEVELOPMENT_ASSET_PATHS = "\"kaleid/Preview Content\"";
				DEVELOPMENT_TEAM = 7B9VB3YTHK;
				ENABLE_PREVIEWS = YES;
				GENERATE_INFOPLIST_FILE = YES;
				INFOPLIST_KEY_UIApplicationSceneManifest_Generation = YES;
				INFOPLIST_KEY_UIApplicationSupportsIndirectInputEvents = YES;
				INFOPLIST_KEY_UILaunchScreen_Generation = YES;
				INFOPLIST_KEY_UISupportedInterfaceOrientations_iPad = "UIInterfaceOrientationPortrait UIInterfaceOrientationPortraitUpsideDown UIInterfaceOrientationLandscapeLeft UIInterfaceOrientationLandscapeRight";
				INFOPLIST_KEY_UISupportedInterfaceOrientations_iPhone = "UIInterfaceOrientationPortrait UIInterfaceOrientationLandscapeLeft UIInterfaceOrientationLandscapeRight";
				LD_RUNPATH_SEARCH_PATHS = (
					"$(inherited)",
					"@executable_path/Frameworks",
				);
				MARKETING_VERSION = 1.0;
				PRODUCT_BUNDLE_IDENTIFIER = com.xp123.kaleid;
				PRODUCT_NAME = "$(TARGET_NAME)";
				SWIFT_EMIT_LOC_STRINGS = YES;
				SWIFT_VERSION = 5.0;
				TARGETED_DEVICE_FAMILY = "1,2";
			};
			name = Release;
		};
		913F2D472ABF65FA00F15632 /* Debug */ = {
			isa = XCBuildConfiguration;
			buildSettings = {
				ALWAYS_EMBED_SWIFT_STANDARD_LIBRARIES = YES;
				BUNDLE_LOADER = "$(TEST_HOST)";
				CODE_SIGN_STYLE = Automatic;
				CURRENT_PROJECT_VERSION = 1;
				DEVELOPMENT_TEAM = 7B9VB3YTHK;
				GENERATE_INFOPLIST_FILE = YES;
				IPHONEOS_DEPLOYMENT_TARGET = 17.0;
				MARKETING_VERSION = 1.0;
				PRODUCT_BUNDLE_IDENTIFIER = com.xp123.kaleidTests;
				PRODUCT_NAME = "$(TARGET_NAME)";
				SWIFT_EMIT_LOC_STRINGS = NO;
				SWIFT_VERSION = 5.0;
				TARGETED_DEVICE_FAMILY = "1,2";
				TEST_HOST = "$(BUILT_PRODUCTS_DIR)/kaleid.app/$(BUNDLE_EXECUTABLE_FOLDER_PATH)/kaleid";
			};
			name = Debug;
		};
		913F2D482ABF65FA00F15632 /* Release */ = {
			isa = XCBuildConfiguration;
			buildSettings = {
				ALWAYS_EMBED_SWIFT_STANDARD_LIBRARIES = YES;
				BUNDLE_LOADER = "$(TEST_HOST)";
				CODE_SIGN_STYLE = Automatic;
				CURRENT_PROJECT_VERSION = 1;
				DEVELOPMENT_TEAM = 7B9VB3YTHK;
				GENERATE_INFOPLIST_FILE = YES;
				IPHONEOS_DEPLOYMENT_TARGET = 17.0;
				MARKETING_VERSION = 1.0;
				PRODUCT_BUNDLE_IDENTIFIER = com.xp123.kaleidTests;
				PRODUCT_NAME = "$(TARGET_NAME)";
				SWIFT_EMIT_LOC_STRINGS = NO;
				SWIFT_VERSION = 5.0;
				TARGETED_DEVICE_FAMILY = "1,2";
				TEST_HOST = "$(BUILT_PRODUCTS_DIR)/kaleid.app/$(BUNDLE_EXECUTABLE_FOLDER_PATH)/kaleid";
			};
			name = Release;
		};
		913F2D4A2ABF65FA00F15632 /* Debug */ = {
			isa = XCBuildConfiguration;
			buildSettings = {
				ALWAYS_EMBED_SWIFT_STANDARD_LIBRARIES = YES;
				CODE_SIGN_STYLE = Automatic;
				CURRENT_PROJECT_VERSION = 1;
				DEVELOPMENT_TEAM = 7B9VB3YTHK;
				GENERATE_INFOPLIST_FILE = YES;
				MARKETING_VERSION = 1.0;
				PRODUCT_BUNDLE_IDENTIFIER = com.xp123.kaleidUITests;
				PRODUCT_NAME = "$(TARGET_NAME)";
				SWIFT_EMIT_LOC_STRINGS = NO;
				SWIFT_VERSION = 5.0;
				TARGETED_DEVICE_FAMILY = "1,2";
				TEST_TARGET_NAME = kaleid;
			};
			name = Debug;
		};
		913F2D4B2ABF65FA00F15632 /* Release */ = {
			isa = XCBuildConfiguration;
			buildSettings = {
				ALWAYS_EMBED_SWIFT_STANDARD_LIBRARIES = YES;
				CODE_SIGN_STYLE = Automatic;
				CURRENT_PROJECT_VERSION = 1;
				DEVELOPMENT_TEAM = 7B9VB3YTHK;
				GENERATE_INFOPLIST_FILE = YES;
				MARKETING_VERSION = 1.0;
				PRODUCT_BUNDLE_IDENTIFIER = com.xp123.kaleidUITests;
				PRODUCT_NAME = "$(TARGET_NAME)";
				SWIFT_EMIT_LOC_STRINGS = NO;
				SWIFT_VERSION = 5.0;
				TARGETED_DEVICE_FAMILY = "1,2";
				TEST_TARGET_NAME = kaleid;
			};
			name = Release;
		};
/* End XCBuildConfiguration section */

/* Begin XCConfigurationList section */
		913F2D1A2ABF65F900F15632 /* Build configuration list for PBXProject "kaleid" */ = {
			isa = XCConfigurationList;
			buildConfigurations = (
				913F2D412ABF65FA00F15632 /* Debug */,
				913F2D422ABF65FA00F15632 /* Release */,
			);
			defaultConfigurationIsVisible = 0;
			defaultConfigurationName = Release;
		};
		913F2D432ABF65FA00F15632 /* Build configuration list for PBXNativeTarget "kaleid" */ = {
			isa = XCConfigurationList;
			buildConfigurations = (
				913F2D442ABF65FA00F15632 /* Debug */,
				913F2D452ABF65FA00F15632 /* Release */,
			);
			defaultConfigurationIsVisible = 0;
			defaultConfigurationName = Release;
		};
		913F2D462ABF65FA00F15632 /* Build configuration list for PBXNativeTarget "kaleidTests" */ = {
			isa = XCConfigurationList;
			buildConfigurations = (
				913F2D472ABF65FA00F15632 /* Debug */,
				913F2D482ABF65FA00F15632 /* Release */,
			);
			defaultConfigurationIsVisible = 0;
			defaultConfigurationName = Release;
		};
		913F2D492ABF65FA00F15632 /* Build configuration list for PBXNativeTarget "kaleidUITests" */ = {
			isa = XCConfigurationList;
			buildConfigurations = (
				913F2D4A2ABF65FA00F15632 /* Debug */,
				913F2D4B2ABF65FA00F15632 /* Release */,
			);
			defaultConfigurationIsVisible = 0;
			defaultConfigurationName = Release;
		};
/* End XCConfigurationList section */
	};
	rootObject = 913F2D172ABF65F900F15632 /* Project object */;
}
